
Microsoft Visual Studio Solution File, Format Version 12.00
# Visual Studio Version 17
VisualStudioVersion = 17.11.35303.130
MinimumVisualStudioVersion = 10.0.40219.1
Project("{8BC9CEB8-8B4A-11D0-8D11-00A0C91BC942}") = "LR_06_3_rec", "LR_06_3_rec.vcxproj", "{36901522-37BF-4700-A277-DA905D5FC40A}"
EndProject
Project("{8BC9CEB8-8B4A-11D0-8D11-00A0C91BC942}") = "UnitTest1", "UnitTest1\UnitTest1.vcxproj", "{C2148BD2-5E77-4E1E-B9F8-69D8BBEDDB08}"
EndProject
Global
	GlobalSection(SolutionConfigurationPlatforms) = preSolution
		Debug|x64 = Debug|x64
		Debug|x86 = Debug|x86
		Release|x64 = Release|x64
		Release|x86 = Release|x86
	EndGlobalSection
	GlobalSection(ProjectConfigurationPlatforms) = postSolution
		{36901522-37BF-4700-A277-DA905D5FC40A}.Debug|x64.ActiveCfg = Debug|x64
		{36901522-37BF-4700-A277-DA905D5FC40A}.Debug|x64.Build.0 = Debug|x64
		{36901522-37BF-4700-A277-DA905D5FC40A}.Debug|x86.ActiveCfg = Debug|Win32
		{36901522-37BF-4700-A277-DA905D5FC40A}.Debug|x86.Build.0 = Debug|Win32
		{36901522-37BF-4700-A277-DA905D5FC40A}.Release|x64.ActiveCfg = Release|x64
		{36901522-37BF-4700-A277-DA905D5FC40A}.Release|x64.Build.0 = Release|x64
		{36901522-37BF-4700-A277-DA905D5FC40A}.Release|x86.ActiveCfg = Release|Win32
		{36901522-37BF-4700-A277-DA905D5FC40A}.Release|x86.Build.0 = Release|Win32
		{C2148BD2-5E77-4E1E-B9F8-69D8BBEDDB08}.Debug|x64.ActiveCfg = Debug|x64
		{C2148BD2-5E77-4E1E-B9F8-69D8BBEDDB08}.Debug|x64.Build.0 = Debug|x64
		{C2148BD2-5E77-4E1E-B9F8-69D8BBEDDB08}.Debug|x86.ActiveCfg = Debug|Win32
		{C2148BD2-5E77-4E1E-B9F8-69D8BBEDDB08}.Debug|x86.Build.0 = Debug|Win32
		{C2148BD2-5E77-4E1E-B9F8-69D8BBEDDB08}.Release|x64.ActiveCfg = Release|x64
		{C2148BD2-5E77-4E1E-B9F8-69D8BBEDDB08}.Release|x64.Build.0 = Release|x64
		{C2148BD2-5E77-4E1E-B9F8-69D8BBEDDB08}.Release|x86.ActiveCfg = Release|Win32
		{C2148BD2-5E77-4E1E-B9F8-69D8BBEDDB08}.Release|x86.Build.0 = Release|Win32
	EndGlobalSection
	GlobalSection(SolutionProperties) = preSolution
		HideSolutionNode = FALSE
	EndGlobalSection
	GlobalSection(ExtensibilityGlobals) = postSolution
		SolutionGuid = {80BD8CEF-F76D-4B1A-9814-D68EAAE99560}
	EndGlobalSection
EndGlobal
